<?xml version="1.0" encoding="utf-8"?>
<Project ToolsVersion="4.0" xmlns="http://schemas.microsoft.com/developer/msbuild/2003">
  <ItemGroup>
    <Filter Include="include">
      <UniqueIdentifier>{d510271a-1fc6-4b02-a222-0cc753a34f30}</UniqueIdentifier>
    </Filter>
    <Filter Include="arch">
      <UniqueIdentifier>{9ddbcc89-080f-4326-a2c1-582b6e246a28}</UniqueIdentifier>
    </Filter>
    <Filter Include="common">
      <UniqueIdentifier>{353b1906-3739-48f8-8804-0b5a8d1c04a2}</UniqueIdentifier>
    </Filter>
    <Filter Include="daemon">
      <UniqueIdentifier>{044e0e2e-221e-4569-9fed-b53ae855c08a}</UniqueIdentifier>
    </Filter>
    <Filter Include="include\message">
      <UniqueIdentifier>{88b35273-f754-48d6-b7c7-4ff3998aa878}</UniqueIdentifier>
    </Filter>
    <Filter Include="core">
      <UniqueIdentifier>{7b3472d5-7d28-4878-a69d-2acdc82a7ce5}</UniqueIdentifier>
    </Filter>
    <Filter Include="common\inih">
      <UniqueIdentifier>{c4290de4-c34e-40e3-9581-c622fb466dbb}</UniqueIdentifier>
    </Filter>
  </ItemGroup>
  <ItemGroup>
    <ClInclude Include="..\src\include\CircularBuffer.hpp">
      <Filter>include</Filter>
    </ClInclude>
    <ClInclude Include="..\src\include\ByteBuffer.hpp">
      <Filter>include</Filter>
    </ClInclude>
    <ClInclude Include="..\src\include\message\Message.hpp">
      <Filter>include\message</Filter>
    </ClInclude>
    <ClInclude Include="..\src\include\message\PingMessage.hpp">
      <Filter>include\message</Filter>
    </ClInclude>
    <ClInclude Include="..\src\include\message\PongMessage.hpp">
      <Filter>include\message</Filter>
    </ClInclude>
    <ClInclude Include="..\src\include\message\ReqProbeMessage.hpp">
      <Filter>include\message</Filter>
    </ClInclude>
    <ClInclude Include="..\src\include\message\RespProbeMessage.hpp">
      <Filter>include\message</Filter>
    </ClInclude>
    <ClInclude Include="..\src\include\message\ReqJoinMessage.hpp">
      <Filter>include\message</Filter>
    </ClInclude>
    <ClInclude Include="..\src\include\message\ReqSyncMessage.hpp">
      <Filter>include\message</Filter>
    </ClInclude>
    <ClInclude Include="..\src\include\message\RespSyncMessage.hpp">
      <Filter>include\message</Filter>
    </ClInclude>
    <ClInclude Include="..\src\include\message\RespSubscribeSyncMessage.hpp">
      <Filter>include\message</Filter>
    </ClInclude>
    <ClInclude Include="..\src\include\message\ReqSubscribeSyncMessage.hpp">
      <Filter>include\message</Filter>
    </ClInclude>
    <ClInclude Include="..\src\include\message\ReqUnsubscribeSyncMessage.hpp">
      <Filter>include\message</Filter>
    </ClInclude>
    <ClInclude Include="..\src\include\message\RespUnsubscribeSyncMessage.hpp">
      <Filter>include\message</Filter>
    </ClInclude>
    <ClInclude Include="..\src\include\message\NoticeSyncMessage.hpp">
      <Filter>include\message</Filter>
    </ClInclude>
    <ClInclude Include="..\src\include\message\ReqGetMetadataMessage.hpp">
      <Filter>include\message</Filter>
    </ClInclude>
    <ClInclude Include="..\src\include\message\RespGetMetadataMessage.hpp">
      <Filter>include\message</Filter>
    </ClInclude>
    <ClInclude Include="..\src\include\message\ReqGetBlockMappingMessage.hpp">
      <Filter>include\message</Filter>
    </ClInclude>
    <ClInclude Include="..\src\include\message\RespGetBlockMappingMessage.hpp">
      <Filter>include\message</Filter>
    </ClInclude>
    <ClInclude Include="..\src\include\message\ReqPutMetadataMessage.hpp">
      <Filter>include\message</Filter>
    </ClInclude>
    <ClInclude Include="..\src\include\message\RespPutMetadataMessage.hpp">
      <Filter>include\message</Filter>
    </ClInclude>
    <ClInclude Include="..\src\include\message\ReqPutBlockMappingMessage.hpp">
      <Filter>include\message</Filter>
    </ClInclude>
    <ClInclude Include="..\src\include\message\RespPutBlockMappingMessage.hpp">
      <Filter>include\message</Filter>
    </ClInclude>
    <ClInclude Include="..\src\include\message\ReqGetChunkMessage.hpp">
      <Filter>include\message</Filter>
    </ClInclude>
    <ClInclude Include="..\src\include\message\RespGetChunkMessage.hpp">
      <Filter>include\message</Filter>
    </ClInclude>
    <ClInclude Include="..\src\include\message\ReqPutChunkMessage.hpp">
      <Filter>include\message</Filter>
    </ClInclude>
    <ClInclude Include="..\src\include\message\RespPutChunkMessage.hpp">
      <Filter>include\message</Filter>
    </ClInclude>
    <ClInclude Include="..\src\include\message\ReqConsisCheckMessage.hpp">
      <Filter>include\message</Filter>
    </ClInclude>
    <ClInclude Include="..\src\include\message\RespConsisCheckMessage.hpp">
      <Filter>include\message</Filter>
    </ClInclude>
    <ClInclude Include="..\src\include\message\RespCmdShutdownMessage.hpp">
      <Filter>include\message</Filter>
    </ClInclude>
    <ClInclude Include="..\src\include\message\RespCmdRebootMessage.hpp">
      <Filter>include\message</Filter>
    </ClInclude>
    <ClInclude Include="..\src\include\message\ReqLocalProbe.hpp">
      <Filter>include\message</Filter>
    </ClInclude>
    <ClInclude Include="..\src\include\message\RespLocalProbe.hpp">
      <Filter>include\message</Filter>
    </ClInclude>
    <ClInclude Include="..\src\include\ako_builtin.h">
      <Filter>include</Filter>
    </ClInclude>
    <ClInclude Include="..\src\include\ako_bytebuffer.h">
      <Filter>include</Filter>
    </ClInclude>
    <ClInclude Include="..\src\include\ako_compat.h">
      <Filter>include</Filter>
    </ClInclude>
    <ClInclude Include="..\src\include\ako_compto.h">
      <Filter>include</Filter>
    </ClInclude>
    <ClInclude Include="..\src\include\ako_config.h">
      <Filter>include</Filter>
    </ClInclude>
    <ClInclude Include="..\src\include\ako_core.h">
      <Filter>include</Filter>
    </ClInclude>
    <ClInclude Include="..\src\include\ako_daemon.h">
      <Filter>include</Filter>
    </ClInclude>
    <ClInclude Include="..\src\include\ako_errno.h">
      <Filter>include</Filter>
    </ClInclude>
    <ClInclude Include="..\src\include\ako_eventd.h">
      <Filter>include</Filter>
    </ClInclude>
    <ClInclude Include="..\src\include\ako_getopt.h">
      <Filter>include</Filter>
    </ClInclude>
    <ClInclude Include="..\src\include\ako_gnu_getopt.h">
      <Filter>include</Filter>
    </ClInclude>
    <ClInclude Include="..\src\include\ako_gnu_unistd.h">
      <Filter>include</Filter>
    </ClInclude>
    <ClInclude Include="..\src\include\ako_logger.h">
      <Filter>include</Filter>
    </ClInclude>
    <ClInclude Include="..\src\include\ako_macros.h">
      <Filter>include</Filter>
    </ClInclude>
    <ClInclude Include="..\src\include\ako_setproctitle.h">
      <Filter>include</Filter>
    </ClInclude>
    <ClInclude Include="..\src\include\ako_slab.h">
      <Filter>include</Filter>
    </ClInclude>
    <ClInclude Include="..\src\common\inih\ini.h">
      <Filter>common\inih</Filter>
    </ClInclude>
    <ClInclude Include="..\src\common\inih\INIReader.hpp">
      <Filter>common\inih</Filter>
    </ClInclude>
    <ClInclude Include="..\src\include\ErasureCode.hpp">
      <Filter>include</Filter>
    </ClInclude>
    <ClInclude Include="..\src\include\Config.hpp">
      <Filter>include</Filter>
    </ClInclude>
    <ClInclude Include="..\src\daemon\ako_eventd_core.h">
      <Filter>daemon</Filter>
    </ClInclude>
  </ItemGroup>
  <ItemGroup>
    <ClCompile Include="..\src\main.cpp" />
    <ClCompile Include="..\src\arch\ako_gnu_getopt.c">
      <Filter>arch</Filter>
    </ClCompile>
    <ClCompile Include="..\src\arch\ako_setproctitle.c">
      <Filter>arch</Filter>
    </ClCompile>
    <ClCompile Include="..\src\common\ako_bytebuffer.c">
      <Filter>common</Filter>
    </ClCompile>
    <ClCompile Include="..\src\common\ako_getopt.c">
      <Filter>common</Filter>
    </ClCompile>
    <ClCompile Include="..\src\common\ako_slab.c">
      <Filter>common</Filter>
    </ClCompile>
    <ClCompile Include="..\src\daemon\ako_daemon.cpp">
      <Filter>daemon</Filter>
    </ClCompile>
    <ClCompile Include="..\src\common\inih\ini.c">
      <Filter>common\inih</Filter>
    </ClCompile>
    <ClCompile Include="..\src\common\inih\INIReader.cpp">
      <Filter>common\inih</Filter>
    </ClCompile>
    <ClCompile Include="..\src\common\ako_aes.c">
      <Filter>common</Filter>
    </ClCompile>
    <ClCompile Include="..\src\common\ako_base64.c">
      <Filter>common</Filter>
    </ClCompile>
    <ClCompile Include="..\src\common\ako_compress.c">
      <Filter>common</Filter>
    </ClCompile>
    <ClCompile Include="..\src\common\ako_config.cpp">
      <Filter>common</Filter>
    </ClCompile>
    <ClCompile Include="..\src\common\ako_crc32.c">
      <Filter>common</Filter>
    </ClCompile>
    <ClCompile Include="..\src\common\ako_des.c">
      <Filter>common</Filter>
    </ClCompile>
    <ClCompile Include="..\src\common\ako_hash.c">
      <Filter>common</Filter>
    </ClCompile>
    <ClCompile Include="..\src\common\ako_logger.c">
      <Filter>common</Filter>
    </ClCompile>
    <ClCompile Include="..\src\common\ako_rsa.c">
      <Filter>common</Filter>
    </ClCompile>
    <ClCompile Include="..\src\common\Config.cpp">
      <Filter>common</Filter>
    </ClCompile>
    <ClCompile Include="..\src\daemon\ako_eventd.c">
      <Filter>daemon</Filter>
    </ClCompile>
    <ClCompile Include="..\src\daemon\ako_socket_client.c">
      <Filter>daemon</Filter>
    </ClCompile>
    <ClCompile Include="..\src\daemon\ako_socket_server.c">
      <Filter>daemon</Filter>
    </ClCompile>
    <ClCompile Include="..\src\daemon\ako_timer.c">
      <Filter>daemon</Filter>
    </ClCompile>
    <ClCompile Include="..\src\core\ako_init.cpp">
      <Filter>core</Filter>
    </ClCompile>
  </ItemGroup>
  <ItemGroup>
    <Text Include="..\src\CMakeLists.txt" />
    <Text Include="..\src\arch\CMakeLists.txt">
      <Filter>arch</Filter>
    </Text>
    <Text Include="..\src\common\CMakeLists.txt">
      <Filter>common</Filter>
    </Text>
  </ItemGroup>
</Project>