<?xml version="1.0" encoding="utf-8"?>
<Project ToolsVersion="4.0" xmlns="http://schemas.microsoft.com/developer/msbuild/2003">
  <ItemGroup>
    <Filter Include="include">
      <UniqueIdentifier>{d510271a-1fc6-4b02-a222-0cc753a34f30}</UniqueIdentifier>
    </Filter>
    <Filter Include="log">
      <UniqueIdentifier>{6c5ffd07-c495-49ee-92b1-a53fb02dd609}</UniqueIdentifier>
    </Filter>
    <Filter Include="config">
      <UniqueIdentifier>{587f8be8-b648-4025-b7a8-683492bdeabb}</UniqueIdentifier>
    </Filter>
    <Filter Include="erasure-code">
      <UniqueIdentifier>{49dbc34a-9263-4e4e-8820-1342c689cb95}</UniqueIdentifier>
    </Filter>
    <Filter Include="eventd">
      <UniqueIdentifier>{697c4cba-db1f-493f-ae9a-d2b2c25e633c}</UniqueIdentifier>
    </Filter>
    <Filter Include="arch">
      <UniqueIdentifier>{9ddbcc89-080f-4326-a2c1-582b6e246a28}</UniqueIdentifier>
    </Filter>
    <Filter Include="config\inih">
      <UniqueIdentifier>{fbdc0330-e564-48e6-ae94-974b7794aa00}</UniqueIdentifier>
    </Filter>
    <Filter Include="log\zlog">
      <UniqueIdentifier>{da478912-6ebf-4efd-8ab6-17c9cfee0b89}</UniqueIdentifier>
    </Filter>
    <Filter Include="compto">
      <UniqueIdentifier>{f798a116-9d85-4d1d-b4bc-77b755f3b753}</UniqueIdentifier>
    </Filter>
    <Filter Include="common">
      <UniqueIdentifier>{353b1906-3739-48f8-8804-0b5a8d1c04a2}</UniqueIdentifier>
    </Filter>
    <Filter Include="spk-rms">
      <UniqueIdentifier>{0a42f00c-23af-45d3-a9f3-f08fe93f8d18}</UniqueIdentifier>
    </Filter>
    <Filter Include="spk-css">
      <UniqueIdentifier>{a11b8fc1-df6b-4a55-8a12-914fdecc9fc1}</UniqueIdentifier>
    </Filter>
    <Filter Include="spk-das">
      <UniqueIdentifier>{dd698a97-3e58-4658-9fc1-b6b46cafdc10}</UniqueIdentifier>
    </Filter>
    <Filter Include="kvstore">
      <UniqueIdentifier>{bac28301-eb6a-4a21-a59f-cde0d8f37389}</UniqueIdentifier>
    </Filter>
    <Filter Include="daemon">
      <UniqueIdentifier>{044e0e2e-221e-4569-9fed-b53ae855c08a}</UniqueIdentifier>
    </Filter>
    <Filter Include="msgon">
      <UniqueIdentifier>{b1d16ec1-ad3e-4e72-88a0-010950e0d850}</UniqueIdentifier>
    </Filter>
    <Filter Include="auth">
      <UniqueIdentifier>{74c350ab-06d0-444a-a737-1a2efae8f54d}</UniqueIdentifier>
    </Filter>
    <Filter Include="journal">
      <UniqueIdentifier>{0708c70a-d8b2-4f4e-8f32-33ab8f30f28c}</UniqueIdentifier>
    </Filter>
    <Filter Include="consprot">
      <UniqueIdentifier>{e786bf00-8aa4-4303-aafe-769e7780d083}</UniqueIdentifier>
    </Filter>
  </ItemGroup>
  <ItemGroup>
    <ClInclude Include="..\src\include\spk_setproctitle.h">
      <Filter>include</Filter>
    </ClInclude>
    <ClInclude Include="..\src\include\spk_compat.h">
      <Filter>include</Filter>
    </ClInclude>
    <ClInclude Include="..\src\include\spk_macros.h">
      <Filter>include</Filter>
    </ClInclude>
    <ClInclude Include="..\src\config\inih\ini.h">
      <Filter>config\inih</Filter>
    </ClInclude>
    <ClInclude Include="..\src\log\zlog\buf.h">
      <Filter>log\zlog</Filter>
    </ClInclude>
    <ClInclude Include="..\src\log\zlog\category.h">
      <Filter>log\zlog</Filter>
    </ClInclude>
    <ClInclude Include="..\src\log\zlog\category_table.h">
      <Filter>log\zlog</Filter>
    </ClInclude>
    <ClInclude Include="..\src\log\zlog\conf.h">
      <Filter>log\zlog</Filter>
    </ClInclude>
    <ClInclude Include="..\src\log\zlog\event.h">
      <Filter>log\zlog</Filter>
    </ClInclude>
    <ClInclude Include="..\src\log\zlog\fmacros.h">
      <Filter>log\zlog</Filter>
    </ClInclude>
    <ClInclude Include="..\src\log\zlog\format.h">
      <Filter>log\zlog</Filter>
    </ClInclude>
    <ClInclude Include="..\src\log\zlog\level.h">
      <Filter>log\zlog</Filter>
    </ClInclude>
    <ClInclude Include="..\src\log\zlog\level_list.h">
      <Filter>log\zlog</Filter>
    </ClInclude>
    <ClInclude Include="..\src\log\zlog\mdc.h">
      <Filter>log\zlog</Filter>
    </ClInclude>
    <ClInclude Include="..\src\log\zlog\record.h">
      <Filter>log\zlog</Filter>
    </ClInclude>
    <ClInclude Include="..\src\log\zlog\record_table.h">
      <Filter>log\zlog</Filter>
    </ClInclude>
    <ClInclude Include="..\src\log\zlog\rotater.h">
      <Filter>log\zlog</Filter>
    </ClInclude>
    <ClInclude Include="..\src\log\zlog\rule.h">
      <Filter>log\zlog</Filter>
    </ClInclude>
    <ClInclude Include="..\src\log\zlog\spec.h">
      <Filter>log\zlog</Filter>
    </ClInclude>
    <ClInclude Include="..\src\log\zlog\thread.h">
      <Filter>log\zlog</Filter>
    </ClInclude>
    <ClInclude Include="..\src\log\zlog\version.h">
      <Filter>log\zlog</Filter>
    </ClInclude>
    <ClInclude Include="..\src\log\zlog\zc_arraylist.h">
      <Filter>log\zlog</Filter>
    </ClInclude>
    <ClInclude Include="..\src\log\zlog\zc_defs.h">
      <Filter>log\zlog</Filter>
    </ClInclude>
    <ClInclude Include="..\src\log\zlog\zc_hashtable.h">
      <Filter>log\zlog</Filter>
    </ClInclude>
    <ClInclude Include="..\src\log\zlog\zc_profile.h">
      <Filter>log\zlog</Filter>
    </ClInclude>
    <ClInclude Include="..\src\log\zlog\zc_util.h">
      <Filter>log\zlog</Filter>
    </ClInclude>
    <ClInclude Include="..\src\log\zlog\zc_xplatform.h">
      <Filter>log\zlog</Filter>
    </ClInclude>
    <ClInclude Include="..\src\log\zlog\zlog.h">
      <Filter>log\zlog</Filter>
    </ClInclude>
    <ClInclude Include="..\src\include\spk_logger.h">
      <Filter>include</Filter>
    </ClInclude>
    <ClInclude Include="..\src\include\spk_core.h">
      <Filter>include</Filter>
    </ClInclude>
    <ClInclude Include="..\src\include\spk_compto.h">
      <Filter>include</Filter>
    </ClInclude>
    <ClInclude Include="..\src\include\CircularBuffer.hpp">
      <Filter>include</Filter>
    </ClInclude>
    <ClInclude Include="..\src\config\inih\INIReader.hpp">
      <Filter>config\inih</Filter>
    </ClInclude>
    <ClInclude Include="..\src\include\ByteBuffer.hpp">
      <Filter>include</Filter>
    </ClInclude>
    <ClInclude Include="..\src\include\ErasureCodeInterface.hpp">
      <Filter>include</Filter>
    </ClInclude>
    <ClInclude Include="..\src\include\Thread.hpp">
      <Filter>include</Filter>
    </ClInclude>
    <ClInclude Include="..\src\include\spk_bytebuffer.h">
      <Filter>include</Filter>
    </ClInclude>
    <ClInclude Include="..\src\include\spk_slab.h">
      <Filter>include</Filter>
    </ClInclude>
    <ClInclude Include="..\src\include\spk_builtin.h">
      <Filter>include</Filter>
    </ClInclude>
    <ClInclude Include="..\src\include\spk_timer.h">
      <Filter>include</Filter>
    </ClInclude>
    <ClInclude Include="..\src\include\spk_rms.h">
      <Filter>include</Filter>
    </ClInclude>
    <ClInclude Include="..\src\include\spk_css.h">
      <Filter>include</Filter>
    </ClInclude>
    <ClInclude Include="..\src\include\spk_das.h">
      <Filter>include</Filter>
    </ClInclude>
    <ClInclude Include="..\src\include\spk_kvstore.h">
      <Filter>include</Filter>
    </ClInclude>
    <ClInclude Include="..\src\include\spk_daemon.h">
      <Filter>include</Filter>
    </ClInclude>
    <ClInclude Include="..\src\include\spk_eventd.h">
      <Filter>include</Filter>
    </ClInclude>
    <ClInclude Include="..\src\include\spk_msgon.h">
      <Filter>include</Filter>
    </ClInclude>
    <ClInclude Include="..\src\include\spk_auth.h">
      <Filter>include</Filter>
    </ClInclude>
    <ClInclude Include="..\src\include\spk_journal.h">
      <Filter>include</Filter>
    </ClInclude>
    <ClInclude Include="..\src\include\spk_ec.h">
      <Filter>include</Filter>
    </ClInclude>
    <ClInclude Include="..\src\include\spk_consprot.h">
      <Filter>include</Filter>
    </ClInclude>
    <ClInclude Include="..\src\include\spk_config.h">
      <Filter>include</Filter>
    </ClInclude>
    <ClInclude Include="..\src\include\spk_getopt.h">
      <Filter>include</Filter>
    </ClInclude>
    <ClInclude Include="..\src\include\spk_errno.h">
      <Filter>include</Filter>
    </ClInclude>
    <ClInclude Include="..\src\config\Config.hpp">
      <Filter>config</Filter>
    </ClInclude>
  </ItemGroup>
  <ItemGroup>
    <ClCompile Include="..\src\arch\spk_setproctitle.c">
      <Filter>arch</Filter>
    </ClCompile>
    <ClCompile Include="..\src\config\inih\ini.c">
      <Filter>config\inih</Filter>
    </ClCompile>
    <ClCompile Include="..\src\config\inih\INIReader.cpp">
      <Filter>config\inih</Filter>
    </ClCompile>
    <ClCompile Include="..\src\log\zlog\buf.c">
      <Filter>log\zlog</Filter>
    </ClCompile>
    <ClCompile Include="..\src\log\zlog\category.c">
      <Filter>log\zlog</Filter>
    </ClCompile>
    <ClCompile Include="..\src\log\zlog\category_table.c">
      <Filter>log\zlog</Filter>
    </ClCompile>
    <ClCompile Include="..\src\log\zlog\conf.c">
      <Filter>log\zlog</Filter>
    </ClCompile>
    <ClCompile Include="..\src\log\zlog\event.c">
      <Filter>log\zlog</Filter>
    </ClCompile>
    <ClCompile Include="..\src\log\zlog\format.c">
      <Filter>log\zlog</Filter>
    </ClCompile>
    <ClCompile Include="..\src\log\zlog\level.c">
      <Filter>log\zlog</Filter>
    </ClCompile>
    <ClCompile Include="..\src\log\zlog\level_list.c">
      <Filter>log\zlog</Filter>
    </ClCompile>
    <ClCompile Include="..\src\log\zlog\mdc.c">
      <Filter>log\zlog</Filter>
    </ClCompile>
    <ClCompile Include="..\src\log\zlog\record.c">
      <Filter>log\zlog</Filter>
    </ClCompile>
    <ClCompile Include="..\src\log\zlog\record_table.c">
      <Filter>log\zlog</Filter>
    </ClCompile>
    <ClCompile Include="..\src\log\zlog\rotater.c">
      <Filter>log\zlog</Filter>
    </ClCompile>
    <ClCompile Include="..\src\log\zlog\rule.c">
      <Filter>log\zlog</Filter>
    </ClCompile>
    <ClCompile Include="..\src\log\zlog\spec.c">
      <Filter>log\zlog</Filter>
    </ClCompile>
    <ClCompile Include="..\src\log\zlog\thread.c">
      <Filter>log\zlog</Filter>
    </ClCompile>
    <ClCompile Include="..\src\log\zlog\zc_arraylist.c">
      <Filter>log\zlog</Filter>
    </ClCompile>
    <ClCompile Include="..\src\log\zlog\zc_hashtable.c">
      <Filter>log\zlog</Filter>
    </ClCompile>
    <ClCompile Include="..\src\log\zlog\zc_profile.c">
      <Filter>log\zlog</Filter>
    </ClCompile>
    <ClCompile Include="..\src\log\zlog\zc_util.c">
      <Filter>log\zlog</Filter>
    </ClCompile>
    <ClCompile Include="..\src\log\zlog\zlog.c">
      <Filter>log\zlog</Filter>
    </ClCompile>
    <ClCompile Include="..\src\log\spk_logger.c">
      <Filter>log</Filter>
    </ClCompile>
    <ClCompile Include="..\src\compto\spk_compress.c">
      <Filter>compto</Filter>
    </ClCompile>
    <ClCompile Include="..\src\compto\spk_crc32.c">
      <Filter>compto</Filter>
    </ClCompile>
    <ClCompile Include="..\src\compto\spk_hash.c">
      <Filter>compto</Filter>
    </ClCompile>
    <ClCompile Include="..\src\compto\spk_base64.c">
      <Filter>compto</Filter>
    </ClCompile>
    <ClCompile Include="..\src\compto\spk_des.c">
      <Filter>compto</Filter>
    </ClCompile>
    <ClCompile Include="..\src\compto\spk_rsa.c">
      <Filter>compto</Filter>
    </ClCompile>
    <ClCompile Include="..\src\compto\spk_aes.c">
      <Filter>compto</Filter>
    </ClCompile>
    <ClCompile Include="..\src\config\Config.cpp">
      <Filter>config</Filter>
    </ClCompile>
    <ClCompile Include="..\src\main.cpp" />
    <ClCompile Include="..\src\common\spk_bytebuffer.c">
      <Filter>common</Filter>
    </ClCompile>
    <ClCompile Include="..\src\common\spk_slab.c">
      <Filter>common</Filter>
    </ClCompile>
    <ClCompile Include="..\src\kvstore\spk_kvstore.c">
      <Filter>kvstore</Filter>
    </ClCompile>
    <ClCompile Include="..\src\eventd\spk_timer.c">
      <Filter>eventd</Filter>
    </ClCompile>
    <ClCompile Include="..\src\eventd\spk_eventd.c">
      <Filter>eventd</Filter>
    </ClCompile>
    <ClCompile Include="..\src\msgon\spk_msgon.c">
      <Filter>msgon</Filter>
    </ClCompile>
    <ClCompile Include="..\src\auth\spk_auth.c">
      <Filter>auth</Filter>
    </ClCompile>
    <ClCompile Include="..\src\journal\spk_journal.c">
      <Filter>journal</Filter>
    </ClCompile>
    <ClCompile Include="..\src\consprot\spk_consprot.c">
      <Filter>consprot</Filter>
    </ClCompile>
    <ClCompile Include="..\src\config\spk_config.cpp">
      <Filter>config</Filter>
    </ClCompile>
    <ClCompile Include="..\src\erasurecode\spk_ec.c">
      <Filter>erasure-code</Filter>
    </ClCompile>
    <ClCompile Include="..\src\daemon\spk_daemon.cpp">
      <Filter>daemon</Filter>
    </ClCompile>
    <ClCompile Include="..\src\spk-das\spk-das.cpp">
      <Filter>spk-das</Filter>
    </ClCompile>
    <ClCompile Include="..\src\spk-css\spk_css.cpp">
      <Filter>spk-css</Filter>
    </ClCompile>
    <ClCompile Include="..\src\spk-rms\spk_rms.cpp">
      <Filter>spk-rms</Filter>
    </ClCompile>
    <ClCompile Include="..\src\common\spk_getopt.c">
      <Filter>common</Filter>
    </ClCompile>
  </ItemGroup>
  <ItemGroup>
    <Text Include="..\src\CMakeLists.txt" />
    <Text Include="..\src\arch\CMakeLists.txt">
      <Filter>arch</Filter>
    </Text>
    <Text Include="..\src\config\CMakeLists.txt">
      <Filter>config</Filter>
    </Text>
    <Text Include="..\src\log\CMakeLists.txt">
      <Filter>log</Filter>
    </Text>
    <Text Include="..\src\compto\CMakeLists.txt">
      <Filter>compto</Filter>
    </Text>
  </ItemGroup>
</Project>
