<?xml version="1.0" encoding="utf-8"?>
<Project ToolsVersion="4.0" xmlns="http://schemas.microsoft.com/developer/msbuild/2003">
  <ItemGroup>
    <Filter Include="spk_src">
      <UniqueIdentifier>{79885a31-e8c6-4d50-98fd-c6f0975d78c7}</UniqueIdentifier>
    </Filter>
    <Filter Include="spk_src\include">
      <UniqueIdentifier>{94ecc67c-66c3-44be-9f5b-649e57f07b20}</UniqueIdentifier>
    </Filter>
    <Filter Include="test_arch">
      <UniqueIdentifier>{f0f3aa23-d007-4aca-8ad5-eb8ec908394f}</UniqueIdentifier>
    </Filter>
    <Filter Include="spk_src\arch">
      <UniqueIdentifier>{521c79aa-cd3f-49b8-b2cb-bc1d983f0aba}</UniqueIdentifier>
    </Filter>
    <Filter Include="spk_src\config">
      <UniqueIdentifier>{04b49c48-a044-469d-944f-593f89579de4}</UniqueIdentifier>
    </Filter>
    <Filter Include="spk_src\config\inih">
      <UniqueIdentifier>{fea96aa4-7821-4fa8-bb83-4b99e9f9fe95}</UniqueIdentifier>
    </Filter>
    <Filter Include="test_config">
      <UniqueIdentifier>{fa1819b5-4950-47ed-a830-d42adb32882a}</UniqueIdentifier>
    </Filter>
    <Filter Include="spk_src\log">
      <UniqueIdentifier>{4c34bd2d-7a7a-4aee-bb7e-d0cc76c12854}</UniqueIdentifier>
    </Filter>
    <Filter Include="test_log">
      <UniqueIdentifier>{84d58939-440c-4ea1-9553-4f1ddbe5f250}</UniqueIdentifier>
    </Filter>
  </ItemGroup>
  <ItemGroup>
    <ClInclude Include="..\src\include\spk_setproctitle.h">
      <Filter>spk_src\include</Filter>
    </ClInclude>
    <ClInclude Include="..\test\test_arch\test_spk_setproctitle.hpp">
      <Filter>test_arch</Filter>
    </ClInclude>
    <ClInclude Include="..\src\include\spk_compat.h">
      <Filter>spk_src\include</Filter>
    </ClInclude>
    <ClInclude Include="..\test\test_arch\test_spk_compat.hpp">
      <Filter>test_arch</Filter>
    </ClInclude>
    <ClInclude Include="..\src\config\inih\ini.h">
      <Filter>spk_src\config\inih</Filter>
    </ClInclude>
    <ClInclude Include="..\src\config\inih\INIReader.h">
      <Filter>spk_src\config\inih</Filter>
    </ClInclude>
    <ClInclude Include="..\test\test_config\test_Config.hpp">
      <Filter>test_config</Filter>
    </ClInclude>
    <ClInclude Include="..\src\include\spk_logger.h">
      <Filter>spk_src\include</Filter>
    </ClInclude>
    <ClInclude Include="..\src\include\Config.h">
      <Filter>spk_src\include</Filter>
    </ClInclude>
    <ClInclude Include="..\test\test_log\test_spk_logger.hpp">
      <Filter>test_log</Filter>
    </ClInclude>
  </ItemGroup>
  <ItemGroup>
    <ClCompile Include="..\test\main.cpp" />
    <ClCompile Include="..\src\arch\spk_setproctitle.c">
      <Filter>spk_src\arch</Filter>
    </ClCompile>
    <ClCompile Include="..\src\config\Config.cc">
      <Filter>spk_src\config</Filter>
    </ClCompile>
    <ClCompile Include="..\src\config\inih\ini.c">
      <Filter>spk_src\config\inih</Filter>
    </ClCompile>
    <ClCompile Include="..\src\config\inih\INIReader.cpp">
      <Filter>spk_src\config\inih</Filter>
    </ClCompile>
    <ClCompile Include="..\src\log\spk_logger.c">
      <Filter>spk_src\log</Filter>
    </ClCompile>
  </ItemGroup>
  <ItemGroup>
    <Text Include="..\test\CMakeLists.txt" />
  </ItemGroup>
</Project>